
Microsoft Visual Studio Solution File, Format Version 12.00
# Visual Studio 2012
Project("{FAE04EC0-301F-11D3-BF4B-00C04F79EFBC}") = "Elte.PointCloudDB.Core", "src\Elte.PointCloudDB.Core\Elte.PointCloudDB.Core.csproj", "{94094391-E4EE-4498-AF4D-09524FF2366C}"
EndProject
Project("{FAE04EC0-301F-11D3-BF4B-00C04F79EFBC}") = "Elte.PointCloudDB.Core.Test", "test\Elte.PointCloudDB.Core.Test\Elte.PointCloudDB.Core.Test.csproj", "{3FF10B48-9FEB-4CC1-A942-1B706F3F9D9A}"
EndProject
Global
	GlobalSection(SolutionConfigurationPlatforms) = preSolution
		Debug|Any CPU = Debug|Any CPU
		Release|Any CPU = Release|Any CPU
	EndGlobalSection
	GlobalSection(ProjectConfigurationPlatforms) = postSolution
		{94094391-E4EE-4498-AF4D-09524FF2366C}.Debug|Any CPU.ActiveCfg = Debug|Any CPU
		{94094391-E4EE-4498-AF4D-09524FF2366C}.Debug|Any CPU.Build.0 = Debug|Any CPU
		{94094391-E4EE-4498-AF4D-09524FF2366C}.Release|Any CPU.ActiveCfg = Release|Any CPU
		{94094391-E4EE-4498-AF4D-09524FF2366C}.Release|Any CPU.Build.0 = Release|Any CPU
		{3FF10B48-9FEB-4CC1-A942-1B706F3F9D9A}.Debug|Any CPU.ActiveCfg = Debug|Any CPU
		{3FF10B48-9FEB-4CC1-A942-1B706F3F9D9A}.Debug|Any CPU.Build.0 = Debug|Any CPU
		{3FF10B48-9FEB-4CC1-A942-1B706F3F9D9A}.Release|Any CPU.ActiveCfg = Release|Any CPU
		{3FF10B48-9FEB-4CC1-A942-1B706F3F9D9A}.Release|Any CPU.Build.0 = Release|Any CPU
	EndGlobalSection
	GlobalSection(SolutionProperties) = preSolution
		HideSolutionNode = FALSE
	EndGlobalSection
EndGlobal
